
Microsoft Visual Studio Solution File, Format Version 12.00
# Visual Studio 15
VisualStudioVersion = 15.0.27130.2010
MinimumVisualStudioVersion = 10.0.40219.1
Project("{FAE04EC0-301F-11D3-BF4B-00C04F79EFBC}") = "Game1", "Game1\Game1.csproj", "{24A7233D-C4E5-4823-B48E-8302245C9727}"
EndProject
Global
	GlobalSection(SolutionConfigurationPlatforms) = preSolution
		Debug|x86 = Debug|x86
		Release|x86 = Release|x86
	EndGlobalSection
	GlobalSection(ProjectConfigurationPlatforms) = postSolution
		{24A7233D-C4E5-4823-B48E-8302245C9727}.Debug|x86.ActiveCfg = Debug|x86
		{24A7233D-C4E5-4823-B48E-8302245C9727}.Debug|x86.Build.0 = Debug|x86
		{24A7233D-C4E5-4823-B48E-8302245C9727}.Release|x86.ActiveCfg = Release|x86
		{24A7233D-C4E5-4823-B48E-8302245C9727}.Release|x86.Build.0 = Release|x86
	EndGlobalSection
	GlobalSection(SolutionProperties) = preSolution
		HideSolutionNode = FALSE
	EndGlobalSection
	GlobalSection(ExtensibilityGlobals) = postSolution
		SolutionGuid = {913421AB-28F5-4ACD-85B1-D5907E8FAE4A}
	EndGlobalSection
EndGlobal
